Microsoft Visual Studio Solution File, Format Version 12.00
# Visual Studio Version 16
VisualStudioVersion = 16.0.28705.295
MinimumVisualStudioVersion = 10.0.40219.1
Project("{2150E333-8FDC-42A3-9474-1A3956D46DE8}") = "Solution Items", "Solution Items", "{C5B01D93-FAD9-4728-B512-60E3D5001267}"
	ProjectSection(SolutionItems) = preProject
		.editorconfig = .editorconfig
		.gitlab-ci.yml = .gitlab-ci.yml
		azure-pipelines.yml = azure-pipelines.yml
		Directory.Build.props = Directory.Build.props
		Directory.Build.targets = Directory.Build.targets
		Fathcore.ruleset = Fathcore.ruleset
		README.md = README.md
		test.ps1 = test.ps1
		eng\Versions.props = eng\Versions.props
	EndProjectSection
EndProject
Project("{2150E333-8FDC-42A3-9474-1A3956D46DE8}") = "src", "src", "{3BBB3586-A33F-4828-8E9D-B5B6D98E61D5}"
	ProjectSection(SolutionItems) = preProject
		src\Directory.Build.props = src\Directory.Build.props
	EndProjectSection
EndProject
Project("{2150E333-8FDC-42A3-9474-1A3956D46DE8}") = "test", "test", "{D75D4422-F704-4979-BC82-4DC67C03C354}"
	ProjectSection(SolutionItems) = preProject
		test\Directory.Build.props = test\Directory.Build.props
	EndProjectSection
EndProject
Project("{9A19103F-16F7-4668-BE54-9A1E7A4F7556}") = "Fathcore", "src\Fathcore\Fathcore.csproj", "{0EAE2471-4E62-400B-903E-F740E5339317}"
EndProject
Project("{9A19103F-16F7-4668-BE54-9A1E7A4F7556}") = "Fathcore.Tests", "test\Fathcore.Tests\Fathcore.Tests.csproj", "{3F95838E-C530-451C-A31E-6AB50EF7B1FF}"
EndProject
Project("{9A19103F-16F7-4668-BE54-9A1E7A4F7556}") = "Fathcore.Extensions", "src\Fathcore.Extensions\Fathcore.Extensions.csproj", "{C1C96638-97BD-4121-B19F-BD6465CDB01D}"
EndProject
Project("{9A19103F-16F7-4668-BE54-9A1E7A4F7556}") = "Fathcore.Extensions.Tests", "test\Fathcore.Extensions.Tests\Fathcore.Extensions.Tests.csproj", "{F125E510-5CBA-400E-A772-FACC827DCE69}"
EndProject
Project("{9A19103F-16F7-4668-BE54-9A1E7A4F7556}") = "Fathcore.EntityFramework", "src\Fathcore.EntityFramework\Fathcore.EntityFramework.csproj", "{2EB16FB8-8EFD-421E-A64F-69FFCB48554D}"
EndProject
Project("{9A19103F-16F7-4668-BE54-9A1E7A4F7556}") = "Fathcore.Infrastructure", "src\Fathcore.Infrastructure\Fathcore.Infrastructure.csproj", "{6E5B7E4C-6DE5-4298-82FD-0CF9835463B1}"
EndProject
Project("{9A19103F-16F7-4668-BE54-9A1E7A4F7556}") = "Fathcore.Infrastructure.Tests", "test\Fathcore.Infrastructure.Tests\Fathcore.Infrastructure.Tests.csproj", "{20C5626E-8F8E-4A3C-9698-765015304E08}"
EndProject
Project("{9A19103F-16F7-4668-BE54-9A1E7A4F7556}") = "Fathcore.Security", "src\Fathcore.Security\Fathcore.Security.csproj", "{18F0CEBA-2F3F-4971-82C6-64F84CC352FF}"
EndProject
Project("{9A19103F-16F7-4668-BE54-9A1E7A4F7556}") = "Fathcore.DependencyInjection", "src\Fathcore.DependencyInjection\Fathcore.DependencyInjection.csproj", "{CC0CAE90-608A-47C7-B0A2-D231EF2B3CAE}"
EndProject
Project("{9A19103F-16F7-4668-BE54-9A1E7A4F7556}") = "Fathcore.EntityFramework.Tests", "test\Fathcore.EntityFramework.Tests\Fathcore.EntityFramework.Tests.csproj", "{DAF7283F-7DF8-4ABA-B9DD-D89FBEAEFC7B}"
EndProject
Project("{9A19103F-16F7-4668-BE54-9A1E7A4F7556}") = "Fathcore.DependencyInjection.Tests", "test\Fathcore.DependencyInjection.Tests\Fathcore.DependencyInjection.Tests.csproj", "{2DD97F37-9EB7-4994-ABB2-D11964EDCF97}"
EndProject
Project("{9A19103F-16F7-4668-BE54-9A1E7A4F7556}") = "Fathcore.Security.Tests", "test\Fathcore.Security.Tests\Fathcore.Security.Tests.csproj", "{55E2445F-F4C0-4E66-B874-B3E0A110B270}"
EndProject
Global
	GlobalSection(SolutionConfigurationPlatforms) = preSolution
		Debug|Any CPU = Debug|Any CPU
		Release|Any CPU = Release|Any CPU
	EndGlobalSection
	GlobalSection(ProjectConfigurationPlatforms) = postSolution
		{0EAE2471-4E62-400B-903E-F740E5339317}.Debug|Any CPU.ActiveCfg = Debug|Any CPU
		{0EAE2471-4E62-400B-903E-F740E5339317}.Debug|Any CPU.Build.0 = Debug|Any CPU
		{0EAE2471-4E62-400B-903E-F740E5339317}.Release|Any CPU.ActiveCfg = Release|Any CPU
		{0EAE2471-4E62-400B-903E-F740E5339317}.Release|Any CPU.Build.0 = Release|Any CPU
		{3F95838E-C530-451C-A31E-6AB50EF7B1FF}.Debug|Any CPU.ActiveCfg = Debug|Any CPU
		{3F95838E-C530-451C-A31E-6AB50EF7B1FF}.Debug|Any CPU.Build.0 = Debug|Any CPU
		{3F95838E-C530-451C-A31E-6AB50EF7B1FF}.Release|Any CPU.ActiveCfg = Release|Any CPU
		{3F95838E-C530-451C-A31E-6AB50EF7B1FF}.Release|Any CPU.Build.0 = Release|Any CPU
		{C1C96638-97BD-4121-B19F-BD6465CDB01D}.Debug|Any CPU.ActiveCfg = Debug|Any CPU
		{C1C96638-97BD-4121-B19F-BD6465CDB01D}.Debug|Any CPU.Build.0 = Debug|Any CPU
		{C1C96638-97BD-4121-B19F-BD6465CDB01D}.Release|Any CPU.ActiveCfg = Release|Any CPU
		{C1C96638-97BD-4121-B19F-BD6465CDB01D}.Release|Any CPU.Build.0 = Release|Any CPU
		{F125E510-5CBA-400E-A772-FACC827DCE69}.Debug|Any CPU.ActiveCfg = Debug|Any CPU
		{F125E510-5CBA-400E-A772-FACC827DCE69}.Debug|Any CPU.Build.0 = Debug|Any CPU
		{F125E510-5CBA-400E-A772-FACC827DCE69}.Release|Any CPU.ActiveCfg = Release|Any CPU
		{F125E510-5CBA-400E-A772-FACC827DCE69}.Release|Any CPU.Build.0 = Release|Any CPU
		{2EB16FB8-8EFD-421E-A64F-69FFCB48554D}.Debug|Any CPU.ActiveCfg = Debug|Any CPU
		{2EB16FB8-8EFD-421E-A64F-69FFCB48554D}.Debug|Any CPU.Build.0 = Debug|Any CPU
		{2EB16FB8-8EFD-421E-A64F-69FFCB48554D}.Release|Any CPU.ActiveCfg = Release|Any CPU
		{2EB16FB8-8EFD-421E-A64F-69FFCB48554D}.Release|Any CPU.Build.0 = Release|Any CPU
		{6E5B7E4C-6DE5-4298-82FD-0CF9835463B1}.Debug|Any CPU.ActiveCfg = Debug|Any CPU
		{6E5B7E4C-6DE5-4298-82FD-0CF9835463B1}.Debug|Any CPU.Build.0 = Debug|Any CPU
		{6E5B7E4C-6DE5-4298-82FD-0CF9835463B1}.Release|Any CPU.ActiveCfg = Release|Any CPU
		{6E5B7E4C-6DE5-4298-82FD-0CF9835463B1}.Release|Any CPU.Build.0 = Release|Any CPU
		{20C5626E-8F8E-4A3C-9698-765015304E08}.Debug|Any CPU.ActiveCfg = Debug|Any CPU
		{20C5626E-8F8E-4A3C-9698-765015304E08}.Debug|Any CPU.Build.0 = Debug|Any CPU
		{20C5626E-8F8E-4A3C-9698-765015304E08}.Release|Any CPU.ActiveCfg = Release|Any CPU
		{20C5626E-8F8E-4A3C-9698-765015304E08}.Release|Any CPU.Build.0 = Release|Any CPU
		{18F0CEBA-2F3F-4971-82C6-64F84CC352FF}.Debug|Any CPU.ActiveCfg = Debug|Any CPU
		{18F0CEBA-2F3F-4971-82C6-64F84CC352FF}.Debug|Any CPU.Build.0 = Debug|Any CPU
		{18F0CEBA-2F3F-4971-82C6-64F84CC352FF}.Release|Any CPU.ActiveCfg = Release|Any CPU
		{18F0CEBA-2F3F-4971-82C6-64F84CC352FF}.Release|Any CPU.Build.0 = Release|Any CPU
		{CC0CAE90-608A-47C7-B0A2-D231EF2B3CAE}.Debug|Any CPU.ActiveCfg = Debug|Any CPU
		{CC0CAE90-608A-47C7-B0A2-D231EF2B3CAE}.Debug|Any CPU.Build.0 = Debug|Any CPU
		{CC0CAE90-608A-47C7-B0A2-D231EF2B3CAE}.Release|Any CPU.ActiveCfg = Release|Any CPU
		{CC0CAE90-608A-47C7-B0A2-D231EF2B3CAE}.Release|Any CPU.Build.0 = Release|Any CPU
		{DAF7283F-7DF8-4ABA-B9DD-D89FBEAEFC7B}.Debug|Any CPU.ActiveCfg = Debug|Any CPU
		{DAF7283F-7DF8-4ABA-B9DD-D89FBEAEFC7B}.Debug|Any CPU.Build.0 = Debug|Any CPU
		{DAF7283F-7DF8-4ABA-B9DD-D89FBEAEFC7B}.Release|Any CPU.ActiveCfg = Release|Any CPU
		{DAF7283F-7DF8-4ABA-B9DD-D89FBEAEFC7B}.Release|Any CPU.Build.0 = Release|Any CPU
		{2DD97F37-9EB7-4994-ABB2-D11964EDCF97}.Debug|Any CPU.ActiveCfg = Debug|Any CPU
		{2DD97F37-9EB7-4994-ABB2-D11964EDCF97}.Debug|Any CPU.Build.0 = Debug|Any CPU
		{2DD97F37-9EB7-4994-ABB2-D11964EDCF97}.Release|Any CPU.ActiveCfg = Release|Any CPU
		{2DD97F37-9EB7-4994-ABB2-D11964EDCF97}.Release|Any CPU.Build.0 = Release|Any CPU
		{55E2445F-F4C0-4E66-B874-B3E0A110B270}.Debug|Any CPU.ActiveCfg = Debug|Any CPU
		{55E2445F-F4C0-4E66-B874-B3E0A110B270}.Debug|Any CPU.Build.0 = Debug|Any CPU
		{55E2445F-F4C0-4E66-B874-B3E0A110B270}.Release|Any CPU.ActiveCfg = Release|Any CPU
		{55E2445F-F4C0-4E66-B874-B3E0A110B270}.Release|Any CPU.Build.0 = Release|Any CPU
	EndGlobalSection
	GlobalSection(SolutionProperties) = preSolution
		HideSolutionNode = FALSE
	EndGlobalSection
	GlobalSection(NestedProjects) = preSolution
		{0EAE2471-4E62-400B-903E-F740E5339317} = {3BBB3586-A33F-4828-8E9D-B5B6D98E61D5}
		{3F95838E-C530-451C-A31E-6AB50EF7B1FF} = {D75D4422-F704-4979-BC82-4DC67C03C354}
		{C1C96638-97BD-4121-B19F-BD6465CDB01D} = {3BBB3586-A33F-4828-8E9D-B5B6D98E61D5}
		{F125E510-5CBA-400E-A772-FACC827DCE69} = {D75D4422-F704-4979-BC82-4DC67C03C354}
		{2EB16FB8-8EFD-421E-A64F-69FFCB48554D} = {3BBB3586-A33F-4828-8E9D-B5B6D98E61D5}
		{6E5B7E4C-6DE5-4298-82FD-0CF9835463B1} = {3BBB3586-A33F-4828-8E9D-B5B6D98E61D5}
		{20C5626E-8F8E-4A3C-9698-765015304E08} = {D75D4422-F704-4979-BC82-4DC67C03C354}
		{18F0CEBA-2F3F-4971-82C6-64F84CC352FF} = {3BBB3586-A33F-4828-8E9D-B5B6D98E61D5}
		{CC0CAE90-608A-47C7-B0A2-D231EF2B3CAE} = {3BBB3586-A33F-4828-8E9D-B5B6D98E61D5}
		{DAF7283F-7DF8-4ABA-B9DD-D89FBEAEFC7B} = {D75D4422-F704-4979-BC82-4DC67C03C354}
		{2DD97F37-9EB7-4994-ABB2-D11964EDCF97} = {D75D4422-F704-4979-BC82-4DC67C03C354}
		{55E2445F-F4C0-4E66-B874-B3E0A110B270} = {D75D4422-F704-4979-BC82-4DC67C03C354}
	EndGlobalSection
	GlobalSection(ExtensibilityGlobals) = postSolution
		SolutionGuid = {930AED4A-F442-4097-A006-658DE62982CC}
	EndGlobalSection
EndGlobal
